// !$*UTF8*$!
{
	archiveVersion = 1;
	classes = {
	};
	objectVersion = 51;
	objects = {

/* Begin PBXBuildFile section */
		128118B11C951B5507EC6985 /* Pods_CleanseTests.framework in Frameworks */ = {isa = PBXBuildFile; fileRef = BB4E75DE477705A6F1FDAAF7 /* Pods_CleanseTests.framework */; };
		3423CF18D20C0F0F34AC59B7 /* Pods_Cleanse.framework in Frameworks */ = {isa = PBXBuildFile; fileRef = 7BF6CB590CDB6663324A2D2C /* Pods_Cleanse.framework */; };
		9D0663AA2367B22A00385DEE /* Book.swift in Sources */ = {isa = PBXBuildFile; fileRef = 9D0663A92367B22A00385DEE /* Book.swift */; };
		9D0663AF2367B3AA00385DEE /* Genre.swift in Sources */ = {isa = PBXBuildFile; fileRef = 9D0663AC2367B3A900385DEE /* Genre.swift */; };
		9D0663B02367B3AA00385DEE /* Summary.swift in Sources */ = {isa = PBXBuildFile; fileRef = 9D0663AE2367B3A900385DEE /* Summary.swift */; };
		9D0663B12367B3AA00385DEE /* Audio.swift in Sources */ = {isa = PBXBuildFile; fileRef = 9D0663AB2367B3A900385DEE /* Audio.swift */; };
		9D0663B22367B3AA00385DEE /* PaywallConfigurationVariant.swift in Sources */ = {isa = PBXBuildFile; fileRef = 9D0663AD2367B3A900385DEE /* PaywallConfigurationVariant.swift */; };
		9D2D0B3B24B0FBEC0026F981 /* DailyViewController.swift in Sources */ = {isa = PBXBuildFile; fileRef = 9D2D0B3A24B0FBEC0026F981 /* DailyViewController.swift */; };
		9D2D42562373360A003E21C1 /* EntriesViewController.swift in Sources */ = {isa = PBXBuildFile; fileRef = 9D2D42552373360A003E21C1 /* EntriesViewController.swift */; };
		9D328D0A23651B26003768CF /* Main.storyboard in Resources */ = {isa = PBXBuildFile; fileRef = 9D328D0923651B26003768CF /* Main.storyboard */; };
		9D328D0E2365EF72003768CF /* BasisGrotesquePro-Regular.ttf in Resources */ = {isa = PBXBuildFile; fileRef = 9D328D0B2365EF72003768CF /* BasisGrotesquePro-Regular.ttf */; };
		9D328D0F2365EF72003768CF /* BasisGrotesquePro-Bold.ttf in Resources */ = {isa = PBXBuildFile; fileRef = 9D328D0C2365EF72003768CF /* BasisGrotesquePro-Bold.ttf */; };
		9D328D102365EF72003768CF /* BasisGrotesquePro-Light.ttf in Resources */ = {isa = PBXBuildFile; fileRef = 9D328D0D2365EF72003768CF /* BasisGrotesquePro-Light.ttf */; };
		9D328D122365F5DC003768CF /* DiscoverViewController.swift in Sources */ = {isa = PBXBuildFile; fileRef = 9D328D112365F5DC003768CF /* DiscoverViewController.swift */; };
		9D328D142365F5F0003768CF /* LikesViewController.swift in Sources */ = {isa = PBXBuildFile; fileRef = 9D328D132365F5F0003768CF /* LikesViewController.swift */; };
		9D328D16236628E9003768CF /* PaywallViewController.swift in Sources */ = {isa = PBXBuildFile; fileRef = 9D328D15236628E9003768CF /* PaywallViewController.swift */; };
		9D328D1823662923003768CF /* AudioViewController.swift in Sources */ = {isa = PBXBuildFile; fileRef = 9D328D1723662923003768CF /* AudioViewController.swift */; };
		9D328D1A23662937003768CF /* TextViewController.swift in Sources */ = {isa = PBXBuildFile; fileRef = 9D328D1923662937003768CF /* TextViewController.swift */; };
		9D328D1C2366593C003768CF /* TitleCollectionViewCell.swift in Sources */ = {isa = PBXBuildFile; fileRef = 9D328D1B2366593C003768CF /* TitleCollectionViewCell.swift */; };
		9D328D1E23665959003768CF /* GenreCollectionViewCell.swift in Sources */ = {isa = PBXBuildFile; fileRef = 9D328D1D23665959003768CF /* GenreCollectionViewCell.swift */; };
		9D503BBC237252AE0070F318 /* OverviewViewController.swift in Sources */ = {isa = PBXBuildFile; fileRef = 9D503BBB237252AE0070F318 /* OverviewViewController.swift */; };
		9D7360E7236513DC00DC6ACB /* AppDelegate.swift in Sources */ = {isa = PBXBuildFile; fileRef = 9D7360E6236513DC00DC6ACB /* AppDelegate.swift */; };
		9D7360ED236513DE00DC6ACB /* Assets.xcassets in Resources */ = {isa = PBXBuildFile; fileRef = 9D7360EC236513DE00DC6ACB /* Assets.xcassets */; };
		9D7360F0236513DE00DC6ACB /* Preview Assets.xcassets in Resources */ = {isa = PBXBuildFile; fileRef = 9D7360EF236513DE00DC6ACB /* Preview Assets.xcassets */; };
		9D7360F3236513DE00DC6ACB /* LaunchScreen.storyboard in Resources */ = {isa = PBXBuildFile; fileRef = 9D7360F1236513DE00DC6ACB /* LaunchScreen.storyboard */; };
		9D7360FE236513DE00DC6ACB /* CleanseTests.swift in Sources */ = {isa = PBXBuildFile; fileRef = 9D7360FD236513DE00DC6ACB /* CleanseTests.swift */; };
		9D736109236513DE00DC6ACB /* CleanseUITests.swift in Sources */ = {isa = PBXBuildFile; fileRef = 9D736108236513DE00DC6ACB /* CleanseUITests.swift */; };
		9DD64A2D2376073000F159E5 /* FreeToPlayViewController.swift in Sources */ = {isa = PBXBuildFile; fileRef = 9DD64A2C2376073000F159E5 /* FreeToPlayViewController.swift */; };
		9DD64A2F23760A1D00F159E5 /* HomeTabViewController.swift in Sources */ = {isa = PBXBuildFile; fileRef = 9DD64A2E23760A1D00F159E5 /* HomeTabViewController.swift */; };
		9DD9B400239C047A0061D960 /* HomeTableViewCell.swift in Sources */ = {isa = PBXBuildFile; fileRef = 9DD9B3FF239C047A0061D960 /* HomeTableViewCell.swift */; };
		9DDD950424AFFD6300511521 /* GoogleService-Info.plist in Resources */ = {isa = PBXBuildFile; fileRef = 9DDD950324AFFD6300511521 /* GoogleService-Info.plist */; };
		9DDD950524AFFD6300511521 /* GoogleService-Info.plist in Resources */ = {isa = PBXBuildFile; fileRef = 9DDD950324AFFD6300511521 /* GoogleService-Info.plist */; };
		9DDD950624AFFD6300511521 /* GoogleService-Info.plist in Resources */ = {isa = PBXBuildFile; fileRef = 9DDD950324AFFD6300511521 /* GoogleService-Info.plist */; };
		9DEF34D5236BBEFB003A3A41 /* HomeViewController.swift in Sources */ = {isa = PBXBuildFile; fileRef = 9DEF34D4236BBEFB003A3A41 /* HomeViewController.swift */; };
		9DF6E6EE23AC8B6300DCB973 /* SleepViewController.swift in Sources */ = {isa = PBXBuildFile; fileRef = 9DF6E6ED23AC8B6300DCB973 /* SleepViewController.swift */; };
		9DF6E6F023AC8B6E00DCB973 /* DepressionViewController.swift in Sources */ = {isa = PBXBuildFile; fileRef = 9DF6E6EF23AC8B6E00DCB973 /* DepressionViewController.swift */; };
		9DF6E6F223AC8B8200DCB973 /* TraumaViewController.swift in Sources */ = {isa = PBXBuildFile; fileRef = 9DF6E6F123AC8B8200DCB973 /* TraumaViewController.swift */; };
		C9EDA0D4FA731D966BF5DF0E /* Pods_Cleanse_CleanseUITests.framework in Frameworks */ = {isa = PBXBuildFile; fileRef = DF5C7A931DCA71AD89ED6A4E /* Pods_Cleanse_CleanseUITests.framework */; };
/* End PBXBuildFile section */

/* Begin PBXContainerItemProxy section */
		9D7360FA236513DE00DC6ACB /* PBXContainerItemProxy */ = {
			isa = PBXContainerItemProxy;
			containerPortal = 9D7360DB236513DC00DC6ACB /* Project object */;
			proxyType = 1;
			remoteGlobalIDString = 9D7360E2236513DC00DC6ACB;
			remoteInfo = Cleanse;
		};
		9D736105236513DE00DC6ACB /* PBXContainerItemProxy */ = {
			isa = PBXContainerItemProxy;
			containerPortal = 9D7360DB236513DC00DC6ACB /* Project object */;
			proxyType = 1;
			remoteGlobalIDString = 9D7360E2236513DC00DC6ACB;
			remoteInfo = Cleanse;
		};
/* End PBXContainerItemProxy section */

/* Begin PBXFileReference section */
		0C09AB7D42760C68D1128BF7 /* Pods-CleanseUITests.debug.xcconfig */ = {isa = PBXFileReference; includeInIndex = 1; lastKnownFileType = text.xcconfig; name = "Pods-CleanseUITests.debug.xcconfig"; path = "Target Support Files/Pods-CleanseUITests/Pods-CleanseUITests.debug.xcconfig"; sourceTree = "<group>"; };
		3FFB7E1A40DB188ABB430764 /* Pods-Cleanse.debug.xcconfig */ = {isa = PBXFileReference; includeInIndex = 1; lastKnownFileType = text.xcconfig; name = "Pods-Cleanse.debug.xcconfig"; path = "Target Support Files/Pods-Cleanse/Pods-Cleanse.debug.xcconfig"; sourceTree = "<group>"; };
		40970A26A96866F9B1BAA959 /* Pods-Cleanse-CleanseUITests.debug.xcconfig */ = {isa = PBXFileReference; includeInIndex = 1; lastKnownFileType = text.xcconfig; name = "Pods-Cleanse-CleanseUITests.debug.xcconfig"; path = "Target Support Files/Pods-Cleanse-CleanseUITests/Pods-Cleanse-CleanseUITests.debug.xcconfig"; sourceTree = "<group>"; };
		5B923964511574CC4F927A26 /* Pods-Cleanse-CleanseUITests.release.xcconfig */ = {isa = PBXFileReference; includeInIndex = 1; lastKnownFileType = text.xcconfig; name = "Pods-Cleanse-CleanseUITests.release.xcconfig"; path = "Target Support Files/Pods-Cleanse-CleanseUITests/Pods-Cleanse-CleanseUITests.release.xcconfig"; sourceTree = "<group>"; };
		5F9281DD18BBD9E87C2398BD /* Pods-CleanseUITests.release.xcconfig */ = {isa = PBXFileReference; includeInIndex = 1; lastKnownFileType = text.xcconfig; name = "Pods-CleanseUITests.release.xcconfig"; path = "Target Support Files/Pods-CleanseUITests/Pods-CleanseUITests.release.xcconfig"; sourceTree = "<group>"; };
		6E785B0B06B646A92655E699 /* Pods-Cleanse.release.xcconfig */ = {isa = PBXFileReference; includeInIndex = 1; lastKnownFileType = text.xcconfig; name = "Pods-Cleanse.release.xcconfig"; path = "Target Support Files/Pods-Cleanse/Pods-Cleanse.release.xcconfig"; sourceTree = "<group>"; };
		7BF6CB590CDB6663324A2D2C /* Pods_Cleanse.framework */ = {isa = PBXFileReference; explicitFileType = wrapper.framework; includeInIndex = 0; path = Pods_Cleanse.framework; sourceTree = BUILT_PRODUCTS_DIR; };
		94E5A59FA0B0AB49E3013686 /* Pods-CleanseTests.debug.xcconfig */ = {isa = PBXFileReference; includeInIndex = 1; lastKnownFileType = text.xcconfig; name = "Pods-CleanseTests.debug.xcconfig"; path = "Target Support Files/Pods-CleanseTests/Pods-CleanseTests.debug.xcconfig"; sourceTree = "<group>"; };
		9D0663A92367B22A00385DEE /* Book.swift */ = {isa = PBXFileReference; lastKnownFileType = sourcecode.swift; path = Book.swift; sourceTree = "<group>"; };
		9D0663AB2367B3A900385DEE /* Audio.swift */ = {isa = PBXFileReference; lastKnownFileType = sourcecode.swift; path = Audio.swift; sourceTree = "<group>"; };
		9D0663AC2367B3A900385DEE /* Genre.swift */ = {isa = PBXFileReference; lastKnownFileType = sourcecode.swift; path = Genre.swift; sourceTree = "<group>"; };
		9D0663AD2367B3A900385DEE /* PaywallConfigurationVariant.swift */ = {isa = PBXFileReference; lastKnownFileType = sourcecode.swift; path = PaywallConfigurationVariant.swift; sourceTree = "<group>"; };
		9D0663AE2367B3A900385DEE /* Summary.swift */ = {isa = PBXFileReference; lastKnownFileType = sourcecode.swift; path = Summary.swift; sourceTree = "<group>"; };
		9D2D0B3A24B0FBEC0026F981 /* DailyViewController.swift */ = {isa = PBXFileReference; lastKnownFileType = sourcecode.swift; path = DailyViewController.swift; sourceTree = "<group>"; };
		9D2D42552373360A003E21C1 /* EntriesViewController.swift */ = {isa = PBXFileReference; lastKnownFileType = sourcecode.swift; path = EntriesViewController.swift; sourceTree = "<group>"; };
		9D328D0923651B26003768CF /* Main.storyboard */ = {isa = PBXFileReference; lastKnownFileType = file.storyboard; path = Main.storyboard; sourceTree = "<group>"; };
		9D328D0B2365EF72003768CF /* BasisGrotesquePro-Regular.ttf */ = {isa = PBXFileReference; lastKnownFileType = file; path = "BasisGrotesquePro-Regular.ttf"; sourceTree = "<group>"; };
		9D328D0C2365EF72003768CF /* BasisGrotesquePro-Bold.ttf */ = {isa = PBXFileReference; lastKnownFileType = file; path = "BasisGrotesquePro-Bold.ttf"; sourceTree = "<group>"; };
		9D328D0D2365EF72003768CF /* BasisGrotesquePro-Light.ttf */ = {isa = PBXFileReference; lastKnownFileType = file; path = "BasisGrotesquePro-Light.ttf"; sourceTree = "<group>"; };
		9D328D112365F5DC003768CF /* DiscoverViewController.swift */ = {isa = PBXFileReference; lastKnownFileType = sourcecode.swift; path = DiscoverViewController.swift; sourceTree = "<group>"; };
		9D328D132365F5F0003768CF /* LikesViewController.swift */ = {isa = PBXFileReference; lastKnownFileType = sourcecode.swift; path = LikesViewController.swift; sourceTree = "<group>"; };
		9D328D15236628E9003768CF /* PaywallViewController.swift */ = {isa = PBXFileReference; lastKnownFileType = sourcecode.swift; path = PaywallViewController.swift; sourceTree = "<group>"; };
		9D328D1723662923003768CF /* AudioViewController.swift */ = {isa = PBXFileReference; lastKnownFileType = sourcecode.swift; path = AudioViewController.swift; sourceTree = "<group>"; };
		9D328D1923662937003768CF /* TextViewController.swift */ = {isa = PBXFileReference; lastKnownFileType = sourcecode.swift; path = TextViewController.swift; sourceTree = "<group>"; };
		9D328D1B2366593C003768CF /* TitleCollectionViewCell.swift */ = {isa = PBXFileReference; lastKnownFileType = sourcecode.swift; path = TitleCollectionViewCell.swift; sourceTree = "<group>"; };
		9D328D1D23665959003768CF /* GenreCollectionViewCell.swift */ = {isa = PBXFileReference; lastKnownFileType = sourcecode.swift; path = GenreCollectionViewCell.swift; sourceTree = "<group>"; };
		9D503BBB237252AE0070F318 /* OverviewViewController.swift */ = {isa = PBXFileReference; lastKnownFileType = sourcecode.swift; path = OverviewViewController.swift; sourceTree = "<group>"; };
		9D7360E3236513DC00DC6ACB /* Vent.app */ = {isa = PBXFileReference; explicitFileType = wrapper.application; includeInIndex = 0; path = Vent.app; sourceTree = BUILT_PRODUCTS_DIR; };
		9D7360E6236513DC00DC6ACB /* AppDelegate.swift */ = {isa = PBXFileReference; lastKnownFileType = sourcecode.swift; path = AppDelegate.swift; sourceTree = "<group>"; };
		9D7360EC236513DE00DC6ACB /* Assets.xcassets */ = {isa = PBXFileReference; lastKnownFileType = folder.assetcatalog; path = Assets.xcassets; sourceTree = "<group>"; };
		9D7360EF236513DE00DC6ACB /* Preview Assets.xcassets */ = {isa = PBXFileReference; lastKnownFileType = folder.assetcatalog; path = "Preview Assets.xcassets"; sourceTree = "<group>"; };
		9D7360F2236513DE00DC6ACB /* Base */ = {isa = PBXFileReference; lastKnownFileType = file.storyboard; name = Base; path = Base.lproj/LaunchScreen.storyboard; sourceTree = "<group>"; };
		9D7360F4236513DE00DC6ACB /* Info.plist */ = {isa = PBXFileReference; lastKnownFileType = text.plist.xml; path = Info.plist; sourceTree = "<group>"; };
		9D7360F9236513DE00DC6ACB /* CleanseTests.xctest */ = {isa = PBXFileReference; explicitFileType = wrapper.cfbundle; includeInIndex = 0; path = CleanseTests.xctest; sourceTree = BUILT_PRODUCTS_DIR; };
		9D7360FD236513DE00DC6ACB /* CleanseTests.swift */ = {isa = PBXFileReference; lastKnownFileType = sourcecode.swift; path = CleanseTests.swift; sourceTree = "<group>"; };
		9D7360FF236513DE00DC6ACB /* Info.plist */ = {isa = PBXFileReference; lastKnownFileType = text.plist.xml; path = Info.plist; sourceTree = "<group>"; };
		9D736104236513DE00DC6ACB /* CleanseUITests.xctest */ = {isa = PBXFileReference; explicitFileType = wrapper.cfbundle; includeInIndex = 0; path = CleanseUITests.xctest; sourceTree = BUILT_PRODUCTS_DIR; };
		9D736108236513DE00DC6ACB /* CleanseUITests.swift */ = {isa = PBXFileReference; lastKnownFileType = sourcecode.swift; path = CleanseUITests.swift; sourceTree = "<group>"; };
		9D73610A236513DE00DC6ACB /* Info.plist */ = {isa = PBXFileReference; lastKnownFileType = text.plist.xml; path = Info.plist; sourceTree = "<group>"; };
		9DD64A2C2376073000F159E5 /* FreeToPlayViewController.swift */ = {isa = PBXFileReference; lastKnownFileType = sourcecode.swift; path = FreeToPlayViewController.swift; sourceTree = "<group>"; };
		9DD64A2E23760A1D00F159E5 /* HomeTabViewController.swift */ = {isa = PBXFileReference; lastKnownFileType = sourcecode.swift; path = HomeTabViewController.swift; sourceTree = "<group>"; };
		9DD9B3FF239C047A0061D960 /* HomeTableViewCell.swift */ = {isa = PBXFileReference; lastKnownFileType = sourcecode.swift; path = HomeTableViewCell.swift; sourceTree = "<group>"; };
		9DDD950324AFFD6300511521 /* GoogleService-Info.plist */ = {isa = PBXFileReference; fileEncoding = 4; lastKnownFileType = text.plist.xml; path = "GoogleService-Info.plist"; sourceTree = "<group>"; };
		9DEF34D4236BBEFB003A3A41 /* HomeViewController.swift */ = {isa = PBXFileReference; lastKnownFileType = sourcecode.swift; path = HomeViewController.swift; sourceTree = "<group>"; };
		9DF6E6ED23AC8B6300DCB973 /* SleepViewController.swift */ = {isa = PBXFileReference; lastKnownFileType = sourcecode.swift; path = SleepViewController.swift; sourceTree = "<group>"; };
		9DF6E6EF23AC8B6E00DCB973 /* DepressionViewController.swift */ = {isa = PBXFileReference; lastKnownFileType = sourcecode.swift; path = DepressionViewController.swift; sourceTree = "<group>"; };
		9DF6E6F123AC8B8200DCB973 /* TraumaViewController.swift */ = {isa = PBXFileReference; lastKnownFileType = sourcecode.swift; path = TraumaViewController.swift; sourceTree = "<group>"; };
		B9E498B84B2ACBF50B5B77A4 /* Pods-CleanseTests.release.xcconfig */ = {isa = PBXFileReference; includeInIndex = 1; lastKnownFileType = text.xcconfig; name = "Pods-CleanseTests.release.xcconfig"; path = "Target Support Files/Pods-CleanseTests/Pods-CleanseTests.release.xcconfig"; sourceTree = "<group>"; };
		BB4E75DE477705A6F1FDAAF7 /* Pods_CleanseTests.framework */ = {isa = PBXFileReference; explicitFileType = wrapper.framework; includeInIndex = 0; path = Pods_CleanseTests.framework; sourceTree = BUILT_PRODUCTS_DIR; };
		DF5C7A931DCA71AD89ED6A4E /* Pods_Cleanse_CleanseUITests.framework */ = {isa = PBXFileReference; explicitFileType = wrapper.framework; includeInIndex = 0; path = Pods_Cleanse_CleanseUITests.framework; sourceTree = BUILT_PRODUCTS_DIR; };
/* End PBXFileReference section */

/* Begin PBXFrameworksBuildPhase section */
		9D7360E0236513DC00DC6ACB /* Frameworks */ = {
			isa = PBXFrameworksBuildPhase;
			buildActionMask = 2147483647;
			files = (
				3423CF18D20C0F0F34AC59B7 /* Pods_Cleanse.framework in Frameworks */,
			);
			runOnlyForDeploymentPostprocessing = 0;
		};
		9D7360F6236513DE00DC6ACB /* Frameworks */ = {
			isa = PBXFrameworksBuildPhase;
			buildActionMask = 2147483647;
			files = (
				128118B11C951B5507EC6985 /* Pods_CleanseTests.framework in Frameworks */,
			);
			runOnlyForDeploymentPostprocessing = 0;
		};
		9D736101236513DE00DC6ACB /* Frameworks */ = {
			isa = PBXFrameworksBuildPhase;
			buildActionMask = 2147483647;
			files = (
				C9EDA0D4FA731D966BF5DF0E /* Pods_Cleanse_CleanseUITests.framework in Frameworks */,
			);
			runOnlyForDeploymentPostprocessing = 0;
		};
/* End PBXFrameworksBuildPhase section */

/* Begin PBXGroup section */
		81834CC4EEA49A64FA8B2EC2 /* Pods */ = {
			isa = PBXGroup;
			children = (
				3FFB7E1A40DB188ABB430764 /* Pods-Cleanse.debug.xcconfig */,
				6E785B0B06B646A92655E699 /* Pods-Cleanse.release.xcconfig */,
				94E5A59FA0B0AB49E3013686 /* Pods-CleanseTests.debug.xcconfig */,
				B9E498B84B2ACBF50B5B77A4 /* Pods-CleanseTests.release.xcconfig */,
				0C09AB7D42760C68D1128BF7 /* Pods-CleanseUITests.debug.xcconfig */,
				5F9281DD18BBD9E87C2398BD /* Pods-CleanseUITests.release.xcconfig */,
				40970A26A96866F9B1BAA959 /* Pods-Cleanse-CleanseUITests.debug.xcconfig */,
				5B923964511574CC4F927A26 /* Pods-Cleanse-CleanseUITests.release.xcconfig */,
			);
			path = Pods;
			sourceTree = "<group>";
		};
		9D7360DA236513DC00DC6ACB = {
			isa = PBXGroup;
			children = (
				9D7360E5236513DC00DC6ACB /* Cleanse */,
				9D7360FC236513DE00DC6ACB /* CleanseTests */,
				9D736107236513DE00DC6ACB /* CleanseUITests */,
				9D7360E4236513DC00DC6ACB /* Products */,
				81834CC4EEA49A64FA8B2EC2 /* Pods */,
				EEA43C460DA113541D36120A /* Frameworks */,
			);
			sourceTree = "<group>";
		};
		9D7360E4236513DC00DC6ACB /* Products */ = {
			isa = PBXGroup;
			children = (
				9D7360E3236513DC00DC6ACB /* Vent.app */,
				9D7360F9236513DE00DC6ACB /* CleanseTests.xctest */,
				9D736104236513DE00DC6ACB /* CleanseUITests.xctest */,
			);
			name = Products;
			sourceTree = "<group>";
		};
		9D7360E5236513DC00DC6ACB /* Cleanse */ = {
			isa = PBXGroup;
			children = (
				9D7360E6236513DC00DC6ACB /* AppDelegate.swift */,
				9D328D0923651B26003768CF /* Main.storyboard */,
				9DD9B3FF239C047A0061D960 /* HomeTableViewCell.swift */,
				9D328D112365F5DC003768CF /* DiscoverViewController.swift */,
				9DF6E6ED23AC8B6300DCB973 /* SleepViewController.swift */,
				9DF6E6EF23AC8B6E00DCB973 /* DepressionViewController.swift */,
				9D2D0B3A24B0FBEC0026F981 /* DailyViewController.swift */,
				9DF6E6F123AC8B8200DCB973 /* TraumaViewController.swift */,
				9DD64A2C2376073000F159E5 /* FreeToPlayViewController.swift */,
				9DD64A2E23760A1D00F159E5 /* HomeTabViewController.swift */,
				9D2D42552373360A003E21C1 /* EntriesViewController.swift */,
				9D503BBB237252AE0070F318 /* OverviewViewController.swift */,
				9DEF34D4236BBEFB003A3A41 /* HomeViewController.swift */,
				9D328D1B2366593C003768CF /* TitleCollectionViewCell.swift */,
				9D328D1D23665959003768CF /* GenreCollectionViewCell.swift */,
				9D328D132365F5F0003768CF /* LikesViewController.swift */,
				9D7360EC236513DE00DC6ACB /* Assets.xcassets */,
				9D328D15236628E9003768CF /* PaywallViewController.swift */,
				9D328D1723662923003768CF /* AudioViewController.swift */,
				9D328D1923662937003768CF /* TextViewController.swift */,
				9D7360F1236513DE00DC6ACB /* LaunchScreen.storyboard */,
				9D7360F4236513DE00DC6ACB /* Info.plist */,
				9D0663A92367B22A00385DEE /* Book.swift */,
				9D0663AB2367B3A900385DEE /* Audio.swift */,
				9D0663AC2367B3A900385DEE /* Genre.swift */,
				9D0663AD2367B3A900385DEE /* PaywallConfigurationVariant.swift */,
				9D0663AE2367B3A900385DEE /* Summary.swift */,
				9DDD950324AFFD6300511521 /* GoogleService-Info.plist */,
				9D328D0C2365EF72003768CF /* BasisGrotesquePro-Bold.ttf */,
				9D328D0D2365EF72003768CF /* BasisGrotesquePro-Light.ttf */,
				9D328D0B2365EF72003768CF /* BasisGrotesquePro-Regular.ttf */,
				9D7360EE236513DE00DC6ACB /* Preview Content */,
			);
			path = Cleanse;
			sourceTree = "<group>";
		};
		9D7360EE236513DE00DC6ACB /* Preview Content */ = {
			isa = PBXGroup;
			children = (
				9D7360EF236513DE00DC6ACB /* Preview Assets.xcassets */,
			);
			path = "Preview Content";
			sourceTree = "<group>";
		};
		9D7360FC236513DE00DC6ACB /* CleanseTests */ = {
			isa = PBXGroup;
			children = (
				9D7360FD236513DE00DC6ACB /* CleanseTests.swift */,
				9D7360FF236513DE00DC6ACB /* Info.plist */,
			);
			path = CleanseTests;
			sourceTree = "<group>";
		};
		9D736107236513DE00DC6ACB /* CleanseUITests */ = {
			isa = PBXGroup;
			children = (
				9D736108236513DE00DC6ACB /* CleanseUITests.swift */,
				9D73610A236513DE00DC6ACB /* Info.plist */,
			);
			path = CleanseUITests;
			sourceTree = "<group>";
		};
		EEA43C460DA113541D36120A /* Frameworks */ = {
			isa = PBXGroup;
			children = (
				7BF6CB590CDB6663324A2D2C /* Pods_Cleanse.framework */,
				BB4E75DE477705A6F1FDAAF7 /* Pods_CleanseTests.framework */,
				DF5C7A931DCA71AD89ED6A4E /* Pods_Cleanse_CleanseUITests.framework */,
			);
			name = Frameworks;
			sourceTree = "<group>";
		};
/* End PBXGroup section */

/* Begin PBXNativeTarget section */
		9D7360E2236513DC00DC6ACB /* Cleanse */ = {
			isa = PBXNativeTarget;
			buildConfigurationList = 9D73610D236513DE00DC6ACB /* Build configuration list for PBXNativeTarget "Cleanse" */;
			buildPhases = (
				76684945F3CF114F9B23E2FD /* [CP] Check Pods Manifest.lock */,
				9D7360DF236513DC00DC6ACB /* Sources */,
				9D7360E0236513DC00DC6ACB /* Frameworks */,
				9D7360E1236513DC00DC6ACB /* Resources */,
				5185DEDA10B031C74C1493A3 /* [CP] Embed Pods Frameworks */,
			);
			buildRules = (
			);
			dependencies = (
			);
			name = Cleanse;
			productName = Cleanse;
			productReference = 9D7360E3236513DC00DC6ACB /* Vent.app */;
			productType = "com.apple.product-type.application";
		};
		9D7360F8236513DE00DC6ACB /* CleanseTests */ = {
			isa = PBXNativeTarget;
			buildConfigurationList = 9D736110236513DE00DC6ACB /* Build configuration list for PBXNativeTarget "CleanseTests" */;
			buildPhases = (
				C9D17F181A0BEF726DF2A501 /* [CP] Check Pods Manifest.lock */,
				9D7360F5236513DE00DC6ACB /* Sources */,
				9D7360F6236513DE00DC6ACB /* Frameworks */,
				9D7360F7236513DE00DC6ACB /* Resources */,
			);
			buildRules = (
			);
			dependencies = (
				9D7360FB236513DE00DC6ACB /* PBXTargetDependency */,
			);
			name = CleanseTests;
			productName = CleanseTests;
			productReference = 9D7360F9236513DE00DC6ACB /* CleanseTests.xctest */;
			productType = "com.apple.product-type.bundle.unit-test";
		};
		9D736103236513DE00DC6ACB /* CleanseUITests */ = {
			isa = PBXNativeTarget;
			buildConfigurationList = 9D736113236513DE00DC6ACB /* Build configuration list for PBXNativeTarget "CleanseUITests" */;
			buildPhases = (
				175EF87EC899A7295E222CFE /* [CP] Check Pods Manifest.lock */,
				9D736100236513DE00DC6ACB /* Sources */,
				9D736101236513DE00DC6ACB /* Frameworks */,
				9D736102236513DE00DC6ACB /* Resources */,
				E30998E6A2B1B5D1F28F624E /* [CP] Embed Pods Frameworks */,
			);
			buildRules = (
			);
			dependencies = (
				9D736106236513DE00DC6ACB /* PBXTargetDependency */,
			);
			name = CleanseUITests;
			productName = CleanseUITests;
			productReference = 9D736104236513DE00DC6ACB /* CleanseUITests.xctest */;
			productType = "com.apple.product-type.bundle.ui-testing";
		};
/* End PBXNativeTarget section */

/* Begin PBXProject section */
		9D7360DB236513DC00DC6ACB /* Project object */ = {
			isa = PBXProject;
			attributes = {
				LastSwiftUpdateCheck = 1100;
				LastUpgradeCheck = 1100;
				ORGANIZATIONNAME = "The Matthiessen Group, LLC";
				TargetAttributes = {
					9D7360E2236513DC00DC6ACB = {
						CreatedOnToolsVersion = 11.0;
					};
					9D7360F8236513DE00DC6ACB = {
						CreatedOnToolsVersion = 11.0;
						TestTargetID = 9D7360E2236513DC00DC6ACB;
					};
					9D736103236513DE00DC6ACB = {
						CreatedOnToolsVersion = 11.0;
						TestTargetID = 9D7360E2236513DC00DC6ACB;
					};
				};
			};
			buildConfigurationList = 9D7360DE236513DC00DC6ACB /* Build configuration list for PBXProject "Cleanse" */;
			compatibilityVersion = "Xcode 9.3";
			developmentRegion = en;
			hasScannedForEncodings = 0;
			knownRegions = (
				en,
				Base,
			);
			mainGroup = 9D7360DA236513DC00DC6ACB;
			productRefGroup = 9D7360E4236513DC00DC6ACB /* Products */;
			projectDirPath = "";
			projectRoot = "";
			targets = (
				9D7360E2236513DC00DC6ACB /* Cleanse */,
				9D7360F8236513DE00DC6ACB /* CleanseTests */,
				9D736103236513DE00DC6ACB /* CleanseUITests */,
			);
		};
/* End PBXProject section */

/* Begin PBXResourcesBuildPhase section */
		9D7360E1236513DC00DC6ACB /* Resources */ = {
			isa = PBXResourcesBuildPhase;
			buildActionMask = 2147483647;
			files = (
				9D7360F3236513DE00DC6ACB /* LaunchScreen.storyboard in Resources */,
				9D328D0A23651B26003768CF /* Main.storyboard in Resources */,
				9D328D0E2365EF72003768CF /* BasisGrotesquePro-Regular.ttf in Resources */,
				9D7360F0236513DE00DC6ACB /* Preview Assets.xcassets in Resources */,
				9D328D0F2365EF72003768CF /* BasisGrotesquePro-Bold.ttf in Resources */,
				9D7360ED236513DE00DC6ACB /* Assets.xcassets in Resources */,
				9DDD950424AFFD6300511521 /* GoogleService-Info.plist in Resources */,
				9D328D102365EF72003768CF /* BasisGrotesquePro-Light.ttf in Resources */,
			);
			runOnlyForDeploymentPostprocessing = 0;
		};
		9D7360F7236513DE00DC6ACB /* Resources */ = {
			isa = PBXResourcesBuildPhase;
			buildActionMask = 2147483647;
			files = (
				9DDD950524AFFD6300511521 /* GoogleService-Info.plist in Resources */,
			);
			runOnlyForDeploymentPostprocessing = 0;
		};
		9D736102236513DE00DC6ACB /* Resources */ = {
			isa = PBXResourcesBuildPhase;
			buildActionMask = 2147483647;
			files = (
				9DDD950624AFFD6300511521 /* GoogleService-Info.plist in Resources */,
			);
			runOnlyForDeploymentPostprocessing = 0;
		};
/* End PBXResourcesBuildPhase section */

/* Begin PBXShellScriptBuildPhase section */
		175EF87EC899A7295E222CFE /* [CP] Check Pods Manifest.lock */ = {
			isa = PBXShellScriptBuildPhase;
			buildActionMask = 2147483647;
			files = (
			);
			inputFileListPaths = (
			);
			inputPaths = (
				"${PODS_PODFILE_DIR_PATH}/Podfile.lock",
				"${PODS_ROOT}/Manifest.lock",
			);
			name = "[CP] Check Pods Manifest.lock";
			outputFileListPaths = (
			);
			outputPaths = (
				"$(DERIVED_FILE_DIR)/Pods-Cleanse-CleanseUITests-checkManifestLockResult.txt",
			);
			runOnlyForDeploymentPostprocessing = 0;
			shellPath = /bin/sh;
			shellScript = "diff \"${PODS_PODFILE_DIR_PATH}/Podfile.lock\" \"${PODS_ROOT}/Manifest.lock\" > /dev/null\nif [ $? != 0 ] ; then\n    # print error to STDERR\n    echo \"error: The sandbox is not in sync with the Podfile.lock. Run 'pod install' or update your CocoaPods installation.\" >&2\n    exit 1\nfi\n# This output is used by Xcode 'outputs' to avoid re-running this script phase.\necho \"SUCCESS\" > \"${SCRIPT_OUTPUT_FILE_0}\"\n";
			showEnvVarsInLog = 0;
		};
		5185DEDA10B031C74C1493A3 /* [CP] Embed Pods Frameworks */ = {
			isa = PBXShellScriptBuildPhase;
			buildActionMask = 2147483647;
			files = (
			);
			inputFileListPaths = (
				"${PODS_ROOT}/Target Support Files/Pods-Cleanse/Pods-Cleanse-frameworks-${CONFIGURATION}-input-files.xcfilelist",
			);
			name = "[CP] Embed Pods Frameworks";
			outputFileListPaths = (
				"${PODS_ROOT}/Target Support Files/Pods-Cleanse/Pods-Cleanse-frameworks-${CONFIGURATION}-output-files.xcfilelist",
			);
			runOnlyForDeploymentPostprocessing = 0;
			shellPath = /bin/sh;
			shellScript = "\"${PODS_ROOT}/Target Support Files/Pods-Cleanse/Pods-Cleanse-frameworks.sh\"\n";
			showEnvVarsInLog = 0;
		};
		76684945F3CF114F9B23E2FD /* [CP] Check Pods Manifest.lock */ = {
			isa = PBXShellScriptBuildPhase;
			buildActionMask = 2147483647;
			files = (
			);
			inputFileListPaths = (
			);
			inputPaths = (
				"${PODS_PODFILE_DIR_PATH}/Podfile.lock",
				"${PODS_ROOT}/Manifest.lock",
			);
			name = "[CP] Check Pods Manifest.lock";
			outputFileListPaths = (
			);
			outputPaths = (
				"$(DERIVED_FILE_DIR)/Pods-Cleanse-checkManifestLockResult.txt",
			);
			runOnlyForDeploymentPostprocessing = 0;
			shellPath = /bin/sh;
			shellScript = "diff \"${PODS_PODFILE_DIR_PATH}/Podfile.lock\" \"${PODS_ROOT}/Manifest.lock\" > /dev/null\nif [ $? != 0 ] ; then\n    # print error to STDERR\n    echo \"error: The sandbox is not in sync with the Podfile.lock. Run 'pod install' or update your CocoaPods installation.\" >&2\n    exit 1\nfi\n# This output is used by Xcode 'outputs' to avoid re-running this script phase.\necho \"SUCCESS\" > \"${SCRIPT_OUTPUT_FILE_0}\"\n";
			showEnvVarsInLog = 0;
		};
		C9D17F181A0BEF726DF2A501 /* [CP] Check Pods Manifest.lock */ = {
			isa = PBXShellScriptBuildPhase;
			buildActionMask = 2147483647;
			files = (
			);
			inputFileListPaths = (
			);
			inputPaths = (
				"${PODS_PODFILE_DIR_PATH}/Podfile.lock",
				"${PODS_ROOT}/Manifest.lock",
			);
			name = "[CP] Check Pods Manifest.lock";
			outputFileListPaths = (
			);
			outputPaths = (
				"$(DERIVED_FILE_DIR)/Pods-CleanseTests-checkManifestLockResult.txt",
			);
			runOnlyForDeploymentPostprocessing = 0;
			shellPath = /bin/sh;
			shellScript = "diff \"${PODS_PODFILE_DIR_PATH}/Podfile.lock\" \"${PODS_ROOT}/Manifest.lock\" > /dev/null\nif [ $? != 0 ] ; then\n    # print error to STDERR\n    echo \"error: The sandbox is not in sync with the Podfile.lock. Run 'pod install' or update your CocoaPods installation.\" >&2\n    exit 1\nfi\n# This output is used by Xcode 'outputs' to avoid re-running this script phase.\necho \"SUCCESS\" > \"${SCRIPT_OUTPUT_FILE_0}\"\n";
			showEnvVarsInLog = 0;
		};
		E30998E6A2B1B5D1F28F624E /* [CP] Embed Pods Frameworks */ = {
			isa = PBXShellScriptBuildPhase;
			buildActionMask = 2147483647;
			files = (
			);
			inputFileListPaths = (
				"${PODS_ROOT}/Target Support Files/Pods-Cleanse-CleanseUITests/Pods-Cleanse-CleanseUITests-frameworks-${CONFIGURATION}-input-files.xcfilelist",
			);
			name = "[CP] Embed Pods Frameworks";
			outputFileListPaths = (
				"${PODS_ROOT}/Target Support Files/Pods-Cleanse-CleanseUITests/Pods-Cleanse-CleanseUITests-frameworks-${CONFIGURATION}-output-files.xcfilelist",
			);
			runOnlyForDeploymentPostprocessing = 0;
			shellPath = /bin/sh;
			shellScript = "\"${PODS_ROOT}/Target Support Files/Pods-Cleanse-CleanseUITests/Pods-Cleanse-CleanseUITests-frameworks.sh\"\n";
			showEnvVarsInLog = 0;
		};
/* End PBXShellScriptBuildPhase section */

/* Begin PBXSourcesBuildPhase section */
		9D7360DF236513DC00DC6ACB /* Sources */ = {
			isa = PBXSourcesBuildPhase;
			buildActionMask = 2147483647;
			files = (
				9DF6E6F223AC8B8200DCB973 /* TraumaViewController.swift in Sources */,
				9D7360E7236513DC00DC6ACB /* AppDelegate.swift in Sources */,
				9DD64A2D2376073000F159E5 /* FreeToPlayViewController.swift in Sources */,
				9D328D142365F5F0003768CF /* LikesViewController.swift in Sources */,
				9D328D1E23665959003768CF /* GenreCollectionViewCell.swift in Sources */,
				9D0663AF2367B3AA00385DEE /* Genre.swift in Sources */,
				9DD64A2F23760A1D00F159E5 /* HomeTabViewController.swift in Sources */,
				9DD9B400239C047A0061D960 /* HomeTableViewCell.swift in Sources */,
				9D2D0B3B24B0FBEC0026F981 /* DailyViewController.swift in Sources */,
				9D328D122365F5DC003768CF /* DiscoverViewController.swift in Sources */,
				9D2D42562373360A003E21C1 /* EntriesViewController.swift in Sources */,
				9DF6E6F023AC8B6E00DCB973 /* DepressionViewController.swift in Sources */,
				9DEF34D5236BBEFB003A3A41 /* HomeViewController.swift in Sources */,
				9D0663B22367B3AA00385DEE /* PaywallConfigurationVariant.swift in Sources */,
				9D328D1823662923003768CF /* AudioViewController.swift in Sources */,
				9DF6E6EE23AC8B6300DCB973 /* SleepViewController.swift in Sources */,
				9D0663B12367B3AA00385DEE /* Audio.swift in Sources */,
				9D328D1C2366593C003768CF /* TitleCollectionViewCell.swift in Sources */,
				9D328D16236628E9003768CF /* PaywallViewController.swift in Sources */,
				9D0663AA2367B22A00385DEE /* Book.swift in Sources */,
				9D503BBC237252AE0070F318 /* OverviewViewController.swift in Sources */,
				9D0663B02367B3AA00385DEE /* Summary.swift in Sources */,
				9D328D1A23662937003768CF /* TextViewController.swift in Sources */,
			);
			runOnlyForDeploymentPostprocessing = 0;
		};
		9D7360F5236513DE00DC6ACB /* Sources */ = {
			isa = PBXSourcesBuildPhase;
			buildActionMask = 2147483647;
			files = (
				9D7360FE236513DE00DC6ACB /* CleanseTests.swift in Sources */,
			);
			runOnlyForDeploymentPostprocessing = 0;
		};
		9D736100236513DE00DC6ACB /* Sources */ = {
			isa = PBXSourcesBuildPhase;
			buildActionMask = 2147483647;
			files = (
				9D736109236513DE00DC6ACB /* CleanseUITests.swift in Sources */,
			);
			runOnlyForDeploymentPostprocessing = 0;
		};
/* End PBXSourcesBuildPhase section */

/* Begin PBXTargetDependency section */
		9D7360FB236513DE00DC6ACB /* PBXTargetDependency */ = {
			isa = PBXTargetDependency;
			target = 9D7360E2236513DC00DC6ACB /* Cleanse */;
			targetProxy = 9D7360FA236513DE00DC6ACB /* PBXContainerItemProxy */;
		};
		9D736106236513DE00DC6ACB /* PBXTargetDependency */ = {
			isa = PBXTargetDependency;
			target = 9D7360E2236513DC00DC6ACB /* Cleanse */;
			targetProxy = 9D736105236513DE00DC6ACB /* PBXContainerItemProxy */;
		};
/* End PBXTargetDependency section */

/* Begin PBXVariantGroup section */
		9D7360F1236513DE00DC6ACB /* LaunchScreen.storyboard */ = {
			isa = PBXVariantGroup;
			children = (
				9D7360F2236513DE00DC6ACB /* Base */,
			);
			name = LaunchScreen.storyboard;
			sourceTree = "<group>";
		};
/* End PBXVariantGroup section */

/* Begin XCBuildConfiguration section */
		9D73610B236513DE00DC6ACB /* Debug */ = {
			isa = XCBuildConfiguration;
			buildSettings = {
				ALWAYS_SEARCH_USER_PATHS = NO;
				CLANG_ANALYZER_NONNULL = YES;
				CLANG_ANALYZER_NUMBER_OBJECT_CONVERSION = YES_AGGRESSIVE;
				CLANG_CXX_LANGUAGE_STANDARD = "gnu++14";
				CLANG_CXX_LIBRARY = "libc++";
				CLANG_ENABLE_MODULES = YES;
				CLANG_ENABLE_OBJC_ARC = YES;
				CLANG_ENABLE_OBJC_WEAK = YES;
				CLANG_WARN_BLOCK_CAPTURE_AUTORELEASING = YES;
				CLANG_WARN_BOOL_CONVERSION = YES;
				CLANG_WARN_COMMA = YES;
				CLANG_WARN_CONSTANT_CONVERSION = YES;
				CLANG_WARN_DEPRECATED_OBJC_IMPLEMENTATIONS = YES;
				CLANG_WARN_DIRECT_OBJC_ISA_USAGE = YES_ERROR;
				CLANG_WARN_DOCUMENTATION_COMMENTS = YES;
				CLANG_WARN_EMPTY_BODY = YES;
				CLANG_WARN_ENUM_CONVERSION = YES;
				CLANG_WARN_INFINITE_RECURSION = YES;
				CLANG_WARN_INT_CONVERSION = YES;
				CLANG_WARN_NON_LITERAL_NULL_CONVERSION = YES;
				CLANG_WARN_OBJC_IMPLICIT_RETAIN_SELF = YES;
				CLANG_WARN_OBJC_LITERAL_CONVERSION = YES;
				CLANG_WARN_OBJC_ROOT_CLASS = YES_ERROR;
				CLANG_WARN_RANGE_LOOP_ANALYSIS = YES;
				CLANG_WARN_STRICT_PROTOTYPES = YES;
				CLANG_WARN_SUSPICIOUS_MOVE = YES;
				CLANG_WARN_UNGUARDED_AVAILABILITY = YES_AGGRESSIVE;
				CLANG_WARN_UNREACHABLE_CODE = YES;
				CLANG_WARN__DUPLICATE_METHOD_MATCH = YES;
				COPY_PHASE_STRIP = NO;
				DEBUG_INFORMATION_FORMAT = dwarf;
				ENABLE_STRICT_OBJC_MSGSEND = YES;
				ENABLE_TESTABILITY = YES;
				GCC_C_LANGUAGE_STANDARD = gnu11;
				GCC_DYNAMIC_NO_PIC = NO;
				GCC_NO_COMMON_BLOCKS = YES;
				GCC_OPTIMIZATION_LEVEL = 0;
				GCC_PREPROCESSOR_DEFINITIONS = (
					"DEBUG=1",
					"$(inherited)",
				);
				GCC_WARN_64_TO_32_BIT_CONVERSION = YES;
				GCC_WARN_ABOUT_RETURN_TYPE = YES_ERROR;
				GCC_WARN_UNDECLARED_SELECTOR = YES;
				GCC_WARN_UNINITIALIZED_AUTOS = YES_AGGRESSIVE;
				GCC_WARN_UNUSED_FUNCTION = YES;
				GCC_WARN_UNUSED_VARIABLE = YES;
				IPHONEOS_DEPLOYMENT_TARGET = 13.0;
				MTL_ENABLE_DEBUG_INFO = INCLUDE_SOURCE;
				MTL_FAST_MATH = YES;
				ONLY_ACTIVE_ARCH = YES;
				SDKROOT = iphoneos;
				SWIFT_ACTIVE_COMPILATION_CONDITIONS = DEBUG;
				SWIFT_OPTIMIZATION_LEVEL = "-Onone";
			};
			name = Debug;
		};
		9D73610C236513DE00DC6ACB /* Release */ = {
			isa = XCBuildConfiguration;
			buildSettings = {
				ALWAYS_SEARCH_USER_PATHS = NO;
				CLANG_ANALYZER_NONNULL = YES;
				CLANG_ANALYZER_NUMBER_OBJECT_CONVERSION = YES_AGGRESSIVE;
				CLANG_CXX_LANGUAGE_STANDARD = "gnu++14";
				CLANG_CXX_LIBRARY = "libc++";
				CLANG_ENABLE_MODULES = YES;
				CLANG_ENABLE_OBJC_ARC = YES;
				CLANG_ENABLE_OBJC_WEAK = YES;
				CLANG_WARN_BLOCK_CAPTURE_AUTORELEASING = YES;
				CLANG_WARN_BOOL_CONVERSION = YES;
				CLANG_WARN_COMMA = YES;
				CLANG_WARN_CONSTANT_CONVERSION = YES;
				CLANG_WARN_DEPRECATED_OBJC_IMPLEMENTATIONS = YES;
				CLANG_WARN_DIRECT_OBJC_ISA_USAGE = YES_ERROR;
				CLANG_WARN_DOCUMENTATION_COMMENTS = YES;
				CLANG_WARN_EMPTY_BODY = YES;
				CLANG_WARN_ENUM_CONVERSION = YES;
				CLANG_WARN_INFINITE_RECURSION = YES;
				CLANG_WARN_INT_CONVERSION = YES;
				CLANG_WARN_NON_LITERAL_NULL_CONVERSION = YES;
				CLANG_WARN_OBJC_IMPLICIT_RETAIN_SELF = YES;
				CLANG_WARN_OBJC_LITERAL_CONVERSION = YES;
				CLANG_WARN_OBJC_ROOT_CLASS = YES_ERROR;
				CLANG_WARN_RANGE_LOOP_ANALYSIS = YES;
				CLANG_WARN_STRICT_PROTOTYPES = YES;
				CLANG_WARN_SUSPICIOUS_MOVE = YES;
				CLANG_WARN_UNGUARDED_AVAILABILITY = YES_AGGRESSIVE;
				CLANG_WARN_UNREACHABLE_CODE = YES;
				CLANG_WARN__DUPLICATE_METHOD_MATCH = YES;
				COPY_PHASE_STRIP = NO;
				DEBUG_INFORMATION_FORMAT = "dwarf-with-dsym";
				ENABLE_NS_ASSERTIONS = NO;
				ENABLE_STRICT_OBJC_MSGSEND = YES;
				GCC_C_LANGUAGE_STANDARD = gnu11;
				GCC_NO_COMMON_BLOCKS = YES;
				GCC_WARN_64_TO_32_BIT_CONVERSION = YES;
				GCC_WARN_ABOUT_RETURN_TYPE = YES_ERROR;
				GCC_WARN_UNDECLARED_SELECTOR = YES;
				GCC_WARN_UNINITIALIZED_AUTOS = YES_AGGRESSIVE;
				GCC_WARN_UNUSED_FUNCTION = YES;
				GCC_WARN_UNUSED_VARIABLE = YES;
				IPHONEOS_DEPLOYMENT_TARGET = 13.0;
				MTL_ENABLE_DEBUG_INFO = NO;
				MTL_FAST_MATH = YES;
				SDKROOT = iphoneos;
				SWIFT_COMPILATION_MODE = wholemodule;
				SWIFT_OPTIMIZATION_LEVEL = "-O";
				VALIDATE_PRODUCT = YES;
			};
			name = Release;
		};
		9D73610E236513DE00DC6ACB /* Debug */ = {
			isa = XCBuildConfiguration;
			baseConfigurationReference = 3FFB7E1A40DB188ABB430764 /* Pods-Cleanse.debug.xcconfig */;
			buildSettings = {
				ASSETCATALOG_COMPILER_APPICON_NAME = "AppIcon-43";
				CODE_SIGN_IDENTITY = "Apple Development";
				CODE_SIGN_STYLE = Automatic;
				CURRENT_PROJECT_VERSION = 1;
				DEVELOPMENT_ASSET_PATHS = "\"Cleanse/Preview Content\"";
				DEVELOPMENT_TEAM = 797Q3HJ5U5;
				ENABLE_PREVIEWS = YES;
				INFOPLIST_FILE = Cleanse/Info.plist;
				IPHONEOS_DEPLOYMENT_TARGET = 12.0;
				LD_RUNPATH_SEARCH_PATHS = (
					"$(inherited)",
					"@executable_path/Frameworks",
				);
				MARKETING_VERSION = 1.7.2;
				PRODUCT_BUNDLE_IDENTIFIER = com.aatech.vent;
				PRODUCT_NAME = Vent;
				PROVISIONING_PROFILE_SPECIFIER = "";
				SWIFT_VERSION = 5.0;
				TARGETED_DEVICE_FAMILY = "1,2";
			};
			name = Debug;
		};
		9D73610F236513DE00DC6ACB /* Release */ = {
			isa = XCBuildConfiguration;
			baseConfigurationReference = 6E785B0B06B646A92655E699 /* Pods-Cleanse.release.xcconfig */;
			buildSettings = {
				ASSETCATALOG_COMPILER_APPICON_NAME = "AppIcon-43";
				CODE_SIGN_IDENTITY = "Apple Development";
				CODE_SIGN_STYLE = Automatic;
				CURRENT_PROJECT_VERSION = 1;
				DEVELOPMENT_ASSET_PATHS = "\"Cleanse/Preview Content\"";
				DEVELOPMENT_TEAM = 797Q3HJ5U5;
				ENABLE_PREVIEWS = YES;
				INFOPLIST_FILE = Cleanse/Info.plist;
				IPHONEOS_DEPLOYMENT_TARGET = 12.0;
				LD_RUNPATH_SEARCH_PATHS = (
					"$(inherited)",
					"@executable_path/Frameworks",
				);
				MARKETING_VERSION = 1.7.2;
				PRODUCT_BUNDLE_IDENTIFIER = com.aatech.vent;
				PRODUCT_NAME = Vent;
				PROVISIONING_PROFILE_SPECIFIER = "";
				SWIFT_VERSION = 5.0;
				TARGETED_DEVICE_FAMILY = "1,2";
			};
			name = Release;
		};
		9D736111236513DE00DC6ACB /* Debug */ = {
			isa = XCBuildConfiguration;
			baseConfigurationReference = 94E5A59FA0B0AB49E3013686 /* Pods-CleanseTests.debug.xcconfig */;
			buildSettings = {
				ALWAYS_EMBED_SWIFT_STANDARD_LIBRARIES = YES;
				BUNDLE_LOADER = "$(TEST_HOST)";
				CODE_SIGN_STYLE = Automatic;
				DEVELOPMENT_TEAM = 797Q3HJ5U5;
				INFOPLIST_FILE = CleanseTests/Info.plist;
				IPHONEOS_DEPLOYMENT_TARGET = 13.0;
				LD_RUNPATH_SEARCH_PATHS = (
					"$(inherited)",
					"@executable_path/Frameworks",
					"@loader_path/Frameworks",
				);
				PRODUCT_BUNDLE_IDENTIFIER = com.aatech.CleanseTests;
				PRODUCT_NAME = "$(TARGET_NAME)";
				SWIFT_VERSION = 5.0;
				TARGETED_DEVICE_FAMILY = "1,2";
				TEST_HOST = "$(BUILT_PRODUCTS_DIR)/Cleanse.app/Cleanse";
			};
			name = Debug;
		};
		9D736112236513DE00DC6ACB /* Release */ = {
			isa = XCBuildConfiguration;
			baseConfigurationReference = B9E498B84B2ACBF50B5B77A4 /* Pods-CleanseTests.release.xcconfig */;
			buildSettings = {
				ALWAYS_EMBED_SWIFT_STANDARD_LIBRARIES = YES;
				BUNDLE_LOADER = "$(TEST_HOST)";
				CODE_SIGN_STYLE = Automatic;
				DEVELOPMENT_TEAM = 797Q3HJ5U5;
				INFOPLIST_FILE = CleanseTests/Info.plist;
				IPHONEOS_DEPLOYMENT_TARGET = 13.0;
				LD_RUNPATH_SEARCH_PATHS = (
					"$(inherited)",
					"@executable_path/Frameworks",
					"@loader_path/Frameworks",
				);
				PRODUCT_BUNDLE_IDENTIFIER = com.aatech.CleanseTests;
				PRODUCT_NAME = "$(TARGET_NAME)";
				SWIFT_VERSION = 5.0;
				TARGETED_DEVICE_FAMILY = "1,2";
				TEST_HOST = "$(BUILT_PRODUCTS_DIR)/Cleanse.app/Cleanse";
			};
			name = Release;
		};
		9D736114236513DE00DC6ACB /* Debug */ = {
			isa = XCBuildConfiguration;
			baseConfigurationReference = 40970A26A96866F9B1BAA959 /* Pods-Cleanse-CleanseUITests.debug.xcconfig */;
			buildSettings = {
				ALWAYS_EMBED_SWIFT_STANDARD_LIBRARIES = YES;
				CODE_SIGN_STYLE = Automatic;
				DEVELOPMENT_TEAM = 797Q3HJ5U5;
				INFOPLIST_FILE = CleanseUITests/Info.plist;
				LD_RUNPATH_SEARCH_PATHS = (
					"$(inherited)",
					"@executable_path/Frameworks",
					"@loader_path/Frameworks",
				);
				PRODUCT_BUNDLE_IDENTIFIER = com.aatech.CleanseUITests;
				PRODUCT_NAME = "$(TARGET_NAME)";
				SWIFT_VERSION = 5.0;
				TARGETED_DEVICE_FAMILY = "1,2";
				TEST_TARGET_NAME = Cleanse;
			};
			name = Debug;
		};
		9D736115236513DE00DC6ACB /* Release */ = {
			isa = XCBuildConfiguration;
			baseConfigurationReference = 5B923964511574CC4F927A26 /* Pods-Cleanse-CleanseUITests.release.xcconfig */;
			buildSettings = {
				ALWAYS_EMBED_SWIFT_STANDARD_LIBRARIES = YES;
				CODE_SIGN_STYLE = Automatic;
				DEVELOPMENT_TEAM = 797Q3HJ5U5;
				INFOPLIST_FILE = CleanseUITests/Info.plist;
				LD_RUNPATH_SEARCH_PATHS = (
					"$(inherited)",
					"@executable_path/Frameworks",
					"@loader_path/Frameworks",
				);
				PRODUCT_BUNDLE_IDENTIFIER = com.aatech.CleanseUITests;
				PRODUCT_NAME = "$(TARGET_NAME)";
				SWIFT_VERSION = 5.0;
				TARGETED_DEVICE_FAMILY = "1,2";
				TEST_TARGET_NAME = Cleanse;
			};
			name = Release;
		};
/* End XCBuildConfiguration section */

/* Begin XCConfigurationList section */
		9D7360DE236513DC00DC6ACB /* Build configuration list for PBXProject "Cleanse" */ = {
			isa = XCConfigurationList;
			buildConfigurations = (
				9D73610B236513DE00DC6ACB /* Debug */,
				9D73610C236513DE00DC6ACB /* Release */,
			);
			defaultConfigurationIsVisible = 0;
			defaultConfigurationName = Release;
		};
		9D73610D236513DE00DC6ACB /* Build configuration list for PBXNativeTarget "Cleanse" */ = {
			isa = XCConfigurationList;
			buildConfigurations = (
				9D73610E236513DE00DC6ACB /* Debug */,
				9D73610F236513DE00DC6ACB /* Release */,
			);
			defaultConfigurationIsVisible = 0;
			defaultConfigurationName = Release;
		};
		9D736110236513DE00DC6ACB /* Build configuration list for PBXNativeTarget "CleanseTests" */ = {
			isa = XCConfigurationList;
			buildConfigurations = (
				9D736111236513DE00DC6ACB /* Debug */,
				9D736112236513DE00DC6ACB /* Release */,
			);
			defaultConfigurationIsVisible = 0;
			defaultConfigurationName = Release;
		};
		9D736113236513DE00DC6ACB /* Build configuration list for PBXNativeTarget "CleanseUITests" */ = {
			isa = XCConfigurationList;
			buildConfigurations = (
				9D736114236513DE00DC6ACB /* Debug */,
				9D736115236513DE00DC6ACB /* Release */,
			);
			defaultConfigurationIsVisible = 0;
			defaultConfigurationName = Release;
		};
/* End XCConfigurationList section */
	};
	rootObject = 9D7360DB236513DC00DC6ACB /* Project object */;
}
